
Microsoft Visual Studio Solution File, Format Version 12.00
# Visual Studio Version 17
VisualStudioVersion = 17.7.34024.191
MinimumVisualStudioVersion = 10.0.40219.1
Project("{FAE04EC0-301F-11D3-BF4B-00C04F79EFBC}") = "Arrays", "Arrays.csproj", "{AAF27934-F33F-42B5-8ECB-325640DEC74C}"
EndProject
Global
	GlobalSection(SolutionConfigurationPlatforms) = preSolution
		Debug|Any CPU = Debug|Any CPU
		Release|Any CPU = Release|Any CPU
	EndGlobalSection
	GlobalSection(ProjectConfigurationPlatforms) = postSolution
		{AAF27934-F33F-42B5-8ECB-325640DEC74C}.Debug|Any CPU.ActiveCfg = Debug|Any CPU
		{AAF27934-F33F-42B5-8ECB-325640DEC74C}.Debug|Any CPU.Build.0 = Debug|Any CPU
		{AAF27934-F33F-42B5-8ECB-325640DEC74C}.Release|Any CPU.ActiveCfg = Release|Any CPU
		{AAF27934-F33F-42B5-8ECB-325640DEC74C}.Release|Any CPU.Build.0 = Release|Any CPU
	EndGlobalSection
	GlobalSection(SolutionProperties) = preSolution
		HideSolutionNode = FALSE
	EndGlobalSection
	GlobalSection(ExtensibilityGlobals) = postSolution
		SolutionGuid = {B27D731C-D428-40A5-B4A1-98544E4D306A}
	EndGlobalSection
EndGlobal
